
Microsoft Visual Studio Solution File, Format Version 12.00
# Visual Studio Version 17
VisualStudioVersion = 17.4.33403.182
MinimumVisualStudioVersion = 10.0.40219.1
Project("{FAE04EC0-301F-11D3-BF4B-00C04F79EFBC}") = "Jogo", "Ovirrede-funcionario\Jogo.csproj", "{6834AD3E-BBD2-4D6D-B1B2-A93385BFD089}"
EndProject
Global
	GlobalSection(SolutionConfigurationPlatforms) = preSolution
		Debug|Any CPU = Debug|Any CPU
		Release|Any CPU = Release|Any CPU
	EndGlobalSection
	GlobalSection(ProjectConfigurationPlatforms) = postSolution
		{6834AD3E-BBD2-4D6D-B1B2-A93385BFD089}.Debug|Any CPU.ActiveCfg = Debug|Any CPU
		{6834AD3E-BBD2-4D6D-B1B2-A93385BFD089}.Debug|Any CPU.Build.0 = Debug|Any CPU
		{6834AD3E-BBD2-4D6D-B1B2-A93385BFD089}.Release|Any CPU.ActiveCfg = Release|Any CPU
		{6834AD3E-BBD2-4D6D-B1B2-A93385BFD089}.Release|Any CPU.Build.0 = Release|Any CPU
	EndGlobalSection
	GlobalSection(SolutionProperties) = preSolution
		HideSolutionNode = FALSE
	EndGlobalSection
	GlobalSection(ExtensibilityGlobals) = postSolution
		SolutionGuid = {388EA33B-6ABF-4316-93DD-E43EBB76CABB}
	EndGlobalSection
EndGlobal
