
Microsoft Visual Studio Solution File, Format Version 12.00
# Visual Studio Version 17
VisualStudioVersion = 17.4.33403.182
MinimumVisualStudioVersion = 10.0.40219.1
Project("{FAE04EC0-301F-11D3-BF4B-00C04F79EFBC}") = "ProjetoEstoque", "ProjetoEstoque\ProjetoEstoque.csproj", "{3867DE84-EAF1-473E-A988-774855FF5A2D}"
EndProject
Global
	GlobalSection(SolutionConfigurationPlatforms) = preSolution
		Debug|Any CPU = Debug|Any CPU
		Release|Any CPU = Release|Any CPU
	EndGlobalSection
	GlobalSection(ProjectConfigurationPlatforms) = postSolution
		{3867DE84-EAF1-473E-A988-774855FF5A2D}.Debug|Any CPU.ActiveCfg = Debug|Any CPU
		{3867DE84-EAF1-473E-A988-774855FF5A2D}.Debug|Any CPU.Build.0 = Debug|Any CPU
		{3867DE84-EAF1-473E-A988-774855FF5A2D}.Release|Any CPU.ActiveCfg = Release|Any CPU
		{3867DE84-EAF1-473E-A988-774855FF5A2D}.Release|Any CPU.Build.0 = Release|Any CPU
	EndGlobalSection
	GlobalSection(SolutionProperties) = preSolution
		HideSolutionNode = FALSE
	EndGlobalSection
	GlobalSection(ExtensibilityGlobals) = postSolution
		SolutionGuid = {CBE1224E-DB8A-4AA6-8FA4-DE2C036D0478}
	EndGlobalSection
EndGlobal
