
Microsoft Visual Studio Solution File, Format Version 12.00
# Visual Studio Version 17
VisualStudioVersion = 17.4.33403.182
MinimumVisualStudioVersion = 10.0.40219.1
Project("{FAE04EC0-301F-11D3-BF4B-00C04F79EFBC}") = "atividade imagens", "atividade imagens\atividade imagens.csproj", "{BEADB136-B539-4D29-9A30-318F42708C6F}"
EndProject
Global
	GlobalSection(SolutionConfigurationPlatforms) = preSolution
		Debug|Any CPU = Debug|Any CPU
		Release|Any CPU = Release|Any CPU
	EndGlobalSection
	GlobalSection(ProjectConfigurationPlatforms) = postSolution
		{BEADB136-B539-4D29-9A30-318F42708C6F}.Debug|Any CPU.ActiveCfg = Debug|Any CPU
		{BEADB136-B539-4D29-9A30-318F42708C6F}.Debug|Any CPU.Build.0 = Debug|Any CPU
		{BEADB136-B539-4D29-9A30-318F42708C6F}.Release|Any CPU.ActiveCfg = Release|Any CPU
		{BEADB136-B539-4D29-9A30-318F42708C6F}.Release|Any CPU.Build.0 = Release|Any CPU
	EndGlobalSection
	GlobalSection(SolutionProperties) = preSolution
		HideSolutionNode = FALSE
	EndGlobalSection
	GlobalSection(ExtensibilityGlobals) = postSolution
		SolutionGuid = {E1C37554-2ED9-4F43-8DB6-2402EFBD8478}
	EndGlobalSection
EndGlobal
