
Microsoft Visual Studio Solution File, Format Version 12.00
# Visual Studio Version 17
VisualStudioVersion = 17.4.33403.182
MinimumVisualStudioVersion = 10.0.40219.1
Project("{FAE04EC0-301F-11D3-BF4B-00C04F79EFBC}") = "Calculadora", "WindowsFormsApp1\Calculadora.csproj", "{8412FABA-F415-4BDA-8FF9-D123C45DB94B}"
EndProject
Global
	GlobalSection(SolutionConfigurationPlatforms) = preSolution
		Debug|Any CPU = Debug|Any CPU
		Release|Any CPU = Release|Any CPU
	EndGlobalSection
	GlobalSection(ProjectConfigurationPlatforms) = postSolution
		{8412FABA-F415-4BDA-8FF9-D123C45DB94B}.Debug|Any CPU.ActiveCfg = Debug|Any CPU
		{8412FABA-F415-4BDA-8FF9-D123C45DB94B}.Debug|Any CPU.Build.0 = Debug|Any CPU
		{8412FABA-F415-4BDA-8FF9-D123C45DB94B}.Release|Any CPU.ActiveCfg = Release|Any CPU
		{8412FABA-F415-4BDA-8FF9-D123C45DB94B}.Release|Any CPU.Build.0 = Release|Any CPU
	EndGlobalSection
	GlobalSection(SolutionProperties) = preSolution
		HideSolutionNode = FALSE
	EndGlobalSection
	GlobalSection(ExtensibilityGlobals) = postSolution
		SolutionGuid = {CE827F97-0384-41BC-AA17-EED6CF16229B}
	EndGlobalSection
EndGlobal
